{
  "nodes": {
    "k9s": {
      "flake": false,
      "locked": {
        "lastModified": 1730295621,
        "narHash": "sha256-5CJNFOQmK2WMAvLsF7NgyBvvFWB/vpGYCYmgY/t/feg=",
        "owner": "derailed",
        "repo": "k9s",
        "rev": "12ea38a7010ed04440f1daaa5d68d4f9f9ccbed0",
        "type": "github"
      },
      "original": {
        "owner": "derailed",
        "repo": "k9s",
        "type": "github"
      }
    },
    "root": {
      "inputs": {
        "k9s": "k9s",
        "sublime": "sublime",
        "wezterm": "wezterm",
        "zellij": "zellij"
      }
    },
    "sublime": {
      "flake": false,
      "locked": {
        "lastModified": 1693403648,
        "narHash": "sha256-8mCovVSrBjtFi5q+XQdqAaqOt3Q+Fo29eIDwECOViro=",
        "owner": "dracula",
        "repo": "sublime",
        "rev": "456d3289827964a6cb503a3b0a6448f4326f291b",
        "type": "github"
      },
      "original": {
        "owner": "dracula",
        "repo": "sublime",
        "type": "github"
      }
    },
    "wezterm": {
      "flake": false,
      "locked": {
        "lastModified": 1675662320,
        "narHash": "sha256-sEoXqIAqedezT7cA0HhPsIfu1bWWxJS5+cd7nwK/Aps=",
        "owner": "dracula",
        "repo": "wezterm",
        "rev": "0db525a46b5242ee15fd4a52f887e172fbde8e51",
        "type": "github"
      },
      "original": {
        "owner": "dracula",
        "repo": "wezterm",
        "type": "github"
      }
    },
    "zellij": {
      "flake": false,
      "locked": {
        "lastModified": 1672085892,
        "narHash": "sha256-Sqj9EhDhr5Kv9x9GwfPUvNOQocGzbVScVSGnR0/yf7Q=",
        "owner": "dracula",
        "repo": "zellij",
        "rev": "948a6dcae1d82b58ba725b464a96e6a1bc1c11cf",
        "type": "github"
      },
      "original": {
        "owner": "dracula",
        "repo": "zellij",
        "type": "github"
      }
    }
  },
  "root": "root",
  "version": 7
}
